
Microsoft Visual Studio Solution File, Format Version 12.00
# Visual Studio 2012
Project("{FAE04EC0-301F-11D3-BF4B-00C04F79EFBC}") = "WinDroid HTC One X+ Toolkit", "WinDroid HTC One X+ Toolkit\WinDroid HTC One X+ Toolkit.csproj", "{89B4883F-436D-41E7-B310-EA76848BEB78}"
EndProject
Global
	GlobalSection(SolutionConfigurationPlatforms) = preSolution
		Debug|Any CPU = Debug|Any CPU
		Release|Any CPU = Release|Any CPU
	EndGlobalSection
	GlobalSection(ProjectConfigurationPlatforms) = postSolution
		{89B4883F-436D-41E7-B310-EA76848BEB78}.Debug|Any CPU.ActiveCfg = Debug|Any CPU
		{89B4883F-436D-41E7-B310-EA76848BEB78}.Debug|Any CPU.Build.0 = Debug|Any CPU
		{89B4883F-436D-41E7-B310-EA76848BEB78}.Release|Any CPU.ActiveCfg = Release|Any CPU
		{89B4883F-436D-41E7-B310-EA76848BEB78}.Release|Any CPU.Build.0 = Release|Any CPU
	EndGlobalSection
	GlobalSection(SolutionProperties) = preSolution
		HideSolutionNode = FALSE
	EndGlobalSection
EndGlobal
